
Microsoft Visual Studio Solution File, Format Version 12.00
# Visual Studio Version 17
VisualStudioVersion = 17.1.32328.378
MinimumVisualStudioVersion = 10.0.40219.1
Project("{FAE04EC0-301F-11D3-BF4B-00C04F79EFBC}") = "DotNetTalks.MinimalApi.API", "DotNetTalks.MinimalApi.API\DotNetTalks.MinimalApi.API.csproj", "{9087082E-E1E8-4497-AC22-5A479902D2CD}"
EndProject
Global
	GlobalSection(SolutionConfigurationPlatforms) = preSolution
		Debug|Any CPU = Debug|Any CPU
		Release|Any CPU = Release|Any CPU
	EndGlobalSection
	GlobalSection(ProjectConfigurationPlatforms) = postSolution
		{9087082E-E1E8-4497-AC22-5A479902D2CD}.Debug|Any CPU.ActiveCfg = Debug|Any CPU
		{9087082E-E1E8-4497-AC22-5A479902D2CD}.Debug|Any CPU.Build.0 = Debug|Any CPU
		{9087082E-E1E8-4497-AC22-5A479902D2CD}.Release|Any CPU.ActiveCfg = Release|Any CPU
		{9087082E-E1E8-4497-AC22-5A479902D2CD}.Release|Any CPU.Build.0 = Release|Any CPU
	EndGlobalSection
	GlobalSection(SolutionProperties) = preSolution
		HideSolutionNode = FALSE
	EndGlobalSection
	GlobalSection(ExtensibilityGlobals) = postSolution
		SolutionGuid = {AAFEB2BA-80EE-4727-8DF8-512F7DB182F4}
	EndGlobalSection
EndGlobal
